// !$*UTF8*$!
{
	archiveVersion = 1;
	classes = {
	};
	objectVersion = 77;
	objects = {

/* Begin PBXContainerItemProxy section */
		F8430D6D2DA30E5D000981AD /* PBXContainerItemProxy */ = {
			isa = PBXContainerItemProxy;
			containerPortal = F8430D542DA30E5C000981AD /* Project object */;
			proxyType = 1;
			remoteGlobalIDString = F8430D5B2DA30E5C000981AD;
			remoteInfo = "manga-reader-swiftui";
		};
		F8430D772DA30E5D000981AD /* PBXContainerItemProxy */ = {
			isa = PBXContainerItemProxy;
			containerPortal = F8430D542DA30E5C000981AD /* Project object */;
			proxyType = 1;
			remoteGlobalIDString = F8430D5B2DA30E5C000981AD;
			remoteInfo = "manga-reader-swiftui";
		};
/* End PBXContainerItemProxy section */

/* Begin PBXFileReference section */
		F8430D5C2DA30E5C000981AD /* manga-reader-swiftui.app */ = {isa = PBXFileReference; explicitFileType = wrapper.application; includeInIndex = 0; path = "manga-reader-swiftui.app"; sourceTree = BUILT_PRODUCTS_DIR; };
		F8430D6C2DA30E5D000981AD /* manga-reader-swiftuiTests.xctest */ = {isa = PBXFileReference; explicitFileType = wrapper.cfbundle; includeInIndex = 0; path = "manga-reader-swiftuiTests.xctest"; sourceTree = BUILT_PRODUCTS_DIR; };
		F8430D762DA30E5D000981AD /* manga-reader-swiftuiUITests.xctest */ = {isa = PBXFileReference; explicitFileType = wrapper.cfbundle; includeInIndex = 0; path = "manga-reader-swiftuiUITests.xctest"; sourceTree = BUILT_PRODUCTS_DIR; };
/* End PBXFileReference section */

/* Begin PBXFileSystemSynchronizedRootGroup section */
		F8430D5E2DA30E5C000981AD /* manga-reader-swiftui */ = {
			isa = PBXFileSystemSynchronizedRootGroup;
			path = "manga-reader-swiftui";
			sourceTree = "<group>";
		};
		F8430D6F2DA30E5D000981AD /* manga-reader-swiftuiTests */ = {
			isa = PBXFileSystemSynchronizedRootGroup;
			path = "manga-reader-swiftuiTests";
			sourceTree = "<group>";
		};
		F8430D792DA30E5D000981AD /* manga-reader-swiftuiUITests */ = {
			isa = PBXFileSystemSynchronizedRootGroup;
			path = "manga-reader-swiftuiUITests";
			sourceTree = "<group>";
		};
/* End PBXFileSystemSynchronizedRootGroup section */

/* Begin PBXFrameworksBuildPhase section */
		F8430D592DA30E5C000981AD /* Frameworks */ = {
			isa = PBXFrameworksBuildPhase;
			buildActionMask = 2147483647;
			files = (
			);
			runOnlyForDeploymentPostprocessing = 0;
		};
		F8430D692DA30E5D000981AD /* Frameworks */ = {
			isa = PBXFrameworksBuildPhase;
			buildActionMask = 2147483647;
			files = (
			);
			runOnlyForDeploymentPostprocessing = 0;
		};
		F8430D732DA30E5D000981AD /* Frameworks */ = {
			isa = PBXFrameworksBuildPhase;
			buildActionMask = 2147483647;
			files = (
			);
			runOnlyForDeploymentPostprocessing = 0;
		};
/* End PBXFrameworksBuildPhase section */

/* Begin PBXGroup section */
		F8430D532DA30E5C000981AD = {
			isa = PBXGroup;
			children = (
				F8430D5E2DA30E5C000981AD /* manga-reader-swiftui */,
				F8430D6F2DA30E5D000981AD /* manga-reader-swiftuiTests */,
				F8430D792DA30E5D000981AD /* manga-reader-swiftuiUITests */,
				F8430D5D2DA30E5C000981AD /* Products */,
			);
			sourceTree = "<group>";
		};
		F8430D5D2DA30E5C000981AD /* Products */ = {
			isa = PBXGroup;
			children = (
				F8430D5C2DA30E5C000981AD /* manga-reader-swiftui.app */,
				F8430D6C2DA30E5D000981AD /* manga-reader-swiftuiTests.xctest */,
				F8430D762DA30E5D000981AD /* manga-reader-swiftuiUITests.xctest */,
			);
			name = Products;
			sourceTree = "<group>";
		};
/* End PBXGroup section */

/* Begin PBXNativeTarget section */
		F8430D5B2DA30E5C000981AD /* manga-reader-swiftui */ = {
			isa = PBXNativeTarget;
			buildConfigurationList = F8430D802DA30E5D000981AD /* Build configuration list for PBXNativeTarget "manga-reader-swiftui" */;
			buildPhases = (
				F8430D582DA30E5C000981AD /* Sources */,
				F8430D592DA30E5C000981AD /* Frameworks */,
				F8430D5A2DA30E5C000981AD /* Resources */,
			);
			buildRules = (
			);
			dependencies = (
			);
			fileSystemSynchronizedGroups = (
				F8430D5E2DA30E5C000981AD /* manga-reader-swiftui */,
			);
			name = "manga-reader-swiftui";
			packageProductDependencies = (
			);
			productName = "manga-reader-swiftui";
			productReference = F8430D5C2DA30E5C000981AD /* manga-reader-swiftui.app */;
			productType = "com.apple.product-type.application";
		};
		F8430D6B2DA30E5D000981AD /* manga-reader-swiftuiTests */ = {
			isa = PBXNativeTarget;
			buildConfigurationList = F8430D832DA30E5D000981AD /* Build configuration list for PBXNativeTarget "manga-reader-swiftuiTests" */;
			buildPhases = (
				F8430D682DA30E5D000981AD /* Sources */,
				F8430D692DA30E5D000981AD /* Frameworks */,
				F8430D6A2DA30E5D000981AD /* Resources */,
			);
			buildRules = (
			);
			dependencies = (
				F8430D6E2DA30E5D000981AD /* PBXTargetDependency */,
			);
			fileSystemSynchronizedGroups = (
				F8430D6F2DA30E5D000981AD /* manga-reader-swiftuiTests */,
			);
			name = "manga-reader-swiftuiTests";
			packageProductDependencies = (
			);
			productName = "manga-reader-swiftuiTests";
			productReference = F8430D6C2DA30E5D000981AD /* manga-reader-swiftuiTests.xctest */;
			productType = "com.apple.product-type.bundle.unit-test";
		};
		F8430D752DA30E5D000981AD /* manga-reader-swiftuiUITests */ = {
			isa = PBXNativeTarget;
			buildConfigurationList = F8430D862DA30E5D000981AD /* Build configuration list for PBXNativeTarget "manga-reader-swiftuiUITests" */;
			buildPhases = (
				F8430D722DA30E5D000981AD /* Sources */,
				F8430D732DA30E5D000981AD /* Frameworks */,
				F8430D742DA30E5D000981AD /* Resources */,
			);
			buildRules = (
			);
			dependencies = (
				F8430D782DA30E5D000981AD /* PBXTargetDependency */,
			);
			fileSystemSynchronizedGroups = (
				F8430D792DA30E5D000981AD /* manga-reader-swiftuiUITests */,
			);
			name = "manga-reader-swiftuiUITests";
			packageProductDependencies = (
			);
			productName = "manga-reader-swiftuiUITests";
			productReference = F8430D762DA30E5D000981AD /* manga-reader-swiftuiUITests.xctest */;
			productType = "com.apple.product-type.bundle.ui-testing";
		};
/* End PBXNativeTarget section */

/* Begin PBXProject section */
		F8430D542DA30E5C000981AD /* Project object */ = {
			isa = PBXProject;
			attributes = {
				BuildIndependentTargetsInParallel = 1;
				LastSwiftUpdateCheck = 1620;
				LastUpgradeCheck = 1620;
				TargetAttributes = {
					F8430D5B2DA30E5C000981AD = {
						CreatedOnToolsVersion = 16.2;
					};
					F8430D6B2DA30E5D000981AD = {
						CreatedOnToolsVersion = 16.2;
						TestTargetID = F8430D5B2DA30E5C000981AD;
					};
					F8430D752DA30E5D000981AD = {
						CreatedOnToolsVersion = 16.2;
						TestTargetID = F8430D5B2DA30E5C000981AD;
					};
				};
			};
			buildConfigurationList = F8430D572DA30E5C000981AD /* Build configuration list for PBXProject "manga-reader-swiftui" */;
			developmentRegion = en;
			hasScannedForEncodings = 0;
			knownRegions = (
				en,
				Base,
			);
			mainGroup = F8430D532DA30E5C000981AD;
			minimizedProjectReferenceProxies = 1;
			preferredProjectObjectVersion = 77;
			productRefGroup = F8430D5D2DA30E5C000981AD /* Products */;
			projectDirPath = "";
			projectRoot = "";
			targets = (
				F8430D5B2DA30E5C000981AD /* manga-reader-swiftui */,
				F8430D6B2DA30E5D000981AD /* manga-reader-swiftuiTests */,
				F8430D752DA30E5D000981AD /* manga-reader-swiftuiUITests */,
			);
		};
/* End PBXProject section */

/* Begin PBXResourcesBuildPhase section */
		F8430D5A2DA30E5C000981AD /* Resources */ = {
			isa = PBXResourcesBuildPhase;
			buildActionMask = 2147483647;
			files = (
			);
			runOnlyForDeploymentPostprocessing = 0;
		};
		F8430D6A2DA30E5D000981AD /* Resources */ = {
			isa = PBXResourcesBuildPhase;
			buildActionMask = 2147483647;
			files = (
			);
			runOnlyForDeploymentPostprocessing = 0;
		};
		F8430D742DA30E5D000981AD /* Resources */ = {
			isa = PBXResourcesBuildPhase;
			buildActionMask = 2147483647;
			files = (
			);
			runOnlyForDeploymentPostprocessing = 0;
		};
/* End PBXResourcesBuildPhase section */

/* Begin PBXSourcesBuildPhase section */
		F8430D582DA30E5C000981AD /* Sources */ = {
			isa = PBXSourcesBuildPhase;
			buildActionMask = 2147483647;
			files = (
			);
			runOnlyForDeploymentPostprocessing = 0;
		};
		F8430D682DA30E5D000981AD /* Sources */ = {
			isa = PBXSourcesBuildPhase;
			buildActionMask = 2147483647;
			files = (
			);
			runOnlyForDeploymentPostprocessing = 0;
		};
		F8430D722DA30E5D000981AD /* Sources */ = {
			isa = PBXSourcesBuildPhase;
			buildActionMask = 2147483647;
			files = (
			);
			runOnlyForDeploymentPostprocessing = 0;
		};
/* End PBXSourcesBuildPhase section */

/* Begin PBXTargetDependency section */
		F8430D6E2DA30E5D000981AD /* PBXTargetDependency */ = {
			isa = PBXTargetDependency;
			target = F8430D5B2DA30E5C000981AD /* manga-reader-swiftui */;
			targetProxy = F8430D6D2DA30E5D000981AD /* PBXContainerItemProxy */;
		};
		F8430D782DA30E5D000981AD /* PBXTargetDependency */ = {
			isa = PBXTargetDependency;
			target = F8430D5B2DA30E5C000981AD /* manga-reader-swiftui */;
			targetProxy = F8430D772DA30E5D000981AD /* PBXContainerItemProxy */;
		};
/* End PBXTargetDependency section */

/* Begin XCBuildConfiguration section */
		F8430D7E2DA30E5D000981AD /* Debug */ = {
			isa = XCBuildConfiguration;
			buildSettings = {
				ALWAYS_SEARCH_USER_PATHS = NO;
				ASSETCATALOG_COMPILER_GENERATE_SWIFT_ASSET_SYMBOL_EXTENSIONS = YES;
				CLANG_ANALYZER_NONNULL = YES;
				CLANG_ANALYZER_NUMBER_OBJECT_CONVERSION = YES_AGGRESSIVE;
				CLANG_CXX_LANGUAGE_STANDARD = "gnu++20";
				CLANG_ENABLE_MODULES = YES;
				CLANG_ENABLE_OBJC_ARC = YES;
				CLANG_ENABLE_OBJC_WEAK = YES;
				CLANG_WARN_BLOCK_CAPTURE_AUTORELEASING = YES;
				CLANG_WARN_BOOL_CONVERSION = YES;
				CLANG_WARN_COMMA = YES;
				CLANG_WARN_CONSTANT_CONVERSION = YES;
				CLANG_WARN_DEPRECATED_OBJC_IMPLEMENTATIONS = YES;
				CLANG_WARN_DIRECT_OBJC_ISA_USAGE = YES_ERROR;
				CLANG_WARN_DOCUMENTATION_COMMENTS = YES;
				CLANG_WARN_EMPTY_BODY = YES;
				CLANG_WARN_ENUM_CONVERSION = YES;
				CLANG_WARN_INFINITE_RECURSION = YES;
				CLANG_WARN_INT_CONVERSION = YES;
				CLANG_WARN_NON_LITERAL_NULL_CONVERSION = YES;
				CLANG_WARN_OBJC_IMPLICIT_RETAIN_SELF = YES;
				CLANG_WARN_OBJC_LITERAL_CONVERSION = YES;
				CLANG_WARN_OBJC_ROOT_CLASS = YES_ERROR;
				CLANG_WARN_QUOTED_INCLUDE_IN_FRAMEWORK_HEADER = YES;
				CLANG_WARN_RANGE_LOOP_ANALYSIS = YES;
				CLANG_WARN_STRICT_PROTOTYPES = YES;
				CLANG_WARN_SUSPICIOUS_MOVE = YES;
				CLANG_WARN_UNGUARDED_AVAILABILITY = YES_AGGRESSIVE;
				CLANG_WARN_UNREACHABLE_CODE = YES;
				CLANG_WARN__DUPLICATE_METHOD_MATCH = YES;
				COPY_PHASE_STRIP = NO;
				DEBUG_INFORMATION_FORMAT = dwarf;
				ENABLE_STRICT_OBJC_MSGSEND = YES;
				ENABLE_TESTABILITY = YES;
				ENABLE_USER_SCRIPT_SANDBOXING = YES;
				GCC_C_LANGUAGE_STANDARD = gnu17;
				GCC_DYNAMIC_NO_PIC = NO;
				GCC_NO_COMMON_BLOCKS = YES;
				GCC_OPTIMIZATION_LEVEL = 0;
				GCC_PREPROCESSOR_DEFINITIONS = (
					"DEBUG=1",
					"$(inherited)",
				);
				GCC_WARN_64_TO_32_BIT_CONVERSION = YES;
				GCC_WARN_ABOUT_RETURN_TYPE = YES_ERROR;
				GCC_WARN_UNDECLARED_SELECTOR = YES;
				GCC_WARN_UNINITIALIZED_AUTOS = YES_AGGRESSIVE;
				GCC_WARN_UNUSED_FUNCTION = YES;
				GCC_WARN_UNUSED_VARIABLE = YES;
				IPHONEOS_DEPLOYMENT_TARGET = 18.2;
				LOCALIZATION_PREFERS_STRING_CATALOGS = YES;
				MTL_ENABLE_DEBUG_INFO = INCLUDE_SOURCE;
				MTL_FAST_MATH = YES;
				ONLY_ACTIVE_ARCH = YES;
				SDKROOT = iphoneos;
				SWIFT_ACTIVE_COMPILATION_CONDITIONS = "DEBUG $(inherited)";
				SWIFT_OPTIMIZATION_LEVEL = "-Onone";
			};
			name = Debug;
		};
		F8430D7F2DA30E5D000981AD /* Release */ = {
			isa = XCBuildConfiguration;
			buildSettings = {
				ALWAYS_SEARCH_USER_PATHS = NO;
				ASSETCATALOG_COMPILER_GENERATE_SWIFT_ASSET_SYMBOL_EXTENSIONS = YES;
				CLANG_ANALYZER_NONNULL = YES;
				CLANG_ANALYZER_NUMBER_OBJECT_CONVERSION = YES_AGGRESSIVE;
				CLANG_CXX_LANGUAGE_STANDARD = "gnu++20";
				CLANG_ENABLE_MODULES = YES;
				CLANG_ENABLE_OBJC_ARC = YES;
				CLANG_ENABLE_OBJC_WEAK = YES;
				CLANG_WARN_BLOCK_CAPTURE_AUTORELEASING = YES;
				CLANG_WARN_BOOL_CONVERSION = YES;
				CLANG_WARN_COMMA = YES;
				CLANG_WARN_CONSTANT_CONVERSION = YES;
				CLANG_WARN_DEPRECATED_OBJC_IMPLEMENTATIONS = YES;
				CLANG_WARN_DIRECT_OBJC_ISA_USAGE = YES_ERROR;
				CLANG_WARN_DOCUMENTATION_COMMENTS = YES;
				CLANG_WARN_EMPTY_BODY = YES;
				CLANG_WARN_ENUM_CONVERSION = YES;
				CLANG_WARN_INFINITE_RECURSION = YES;
				CLANG_WARN_INT_CONVERSION = YES;
				CLANG_WARN_NON_LITERAL_NULL_CONVERSION = YES;
				CLANG_WARN_OBJC_IMPLICIT_RETAIN_SELF = YES;
				CLANG_WARN_OBJC_LITERAL_CONVERSION = YES;
				CLANG_WARN_OBJC_ROOT_CLASS = YES_ERROR;
				CLANG_WARN_QUOTED_INCLUDE_IN_FRAMEWORK_HEADER = YES;
				CLANG_WARN_RANGE_LOOP_ANALYSIS = YES;
				CLANG_WARN_STRICT_PROTOTYPES = YES;
				CLANG_WARN_SUSPICIOUS_MOVE = YES;
				CLANG_WARN_UNGUARDED_AVAILABILITY = YES_AGGRESSIVE;
				CLANG_WARN_UNREACHABLE_CODE = YES;
				CLANG_WARN__DUPLICATE_METHOD_MATCH = YES;
				COPY_PHASE_STRIP = NO;
				DEBUG_INFORMATION_FORMAT = "dwarf-with-dsym";
				ENABLE_NS_ASSERTIONS = NO;
				ENABLE_STRICT_OBJC_MSGSEND = YES;
				ENABLE_USER_SCRIPT_SANDBOXING = YES;
				GCC_C_LANGUAGE_STANDARD = gnu17;
				GCC_NO_COMMON_BLOCKS = YES;
				GCC_WARN_64_TO_32_BIT_CONVERSION = YES;
				GCC_WARN_ABOUT_RETURN_TYPE = YES_ERROR;
				GCC_WARN_UNDECLARED_SELECTOR = YES;
				GCC_WARN_UNINITIALIZED_AUTOS = YES_AGGRESSIVE;
				GCC_WARN_UNUSED_FUNCTION = YES;
				GCC_WARN_UNUSED_VARIABLE = YES;
				IPHONEOS_DEPLOYMENT_TARGET = 18.2;
				LOCALIZATION_PREFERS_STRING_CATALOGS = YES;
				MTL_ENABLE_DEBUG_INFO = NO;
				MTL_FAST_MATH = YES;
				SDKROOT = iphoneos;
				SWIFT_COMPILATION_MODE = wholemodule;
				VALIDATE_PRODUCT = YES;
			};
			name = Release;
		};
		F8430D812DA30E5D000981AD /* Debug */ = {
			isa = XCBuildConfiguration;
			buildSettings = {
				ASSETCATALOG_COMPILER_APPICON_NAME = AppIcon;
				ASSETCATALOG_COMPILER_GLOBAL_ACCENT_COLOR_NAME = AccentColor;
				CODE_SIGN_STYLE = Automatic;
				CURRENT_PROJECT_VERSION = 1;
				DEVELOPMENT_ASSET_PATHS = "\"manga-reader-swiftui/Preview Content\"";
				ENABLE_PREVIEWS = YES;
				GENERATE_INFOPLIST_FILE = YES;
				INFOPLIST_KEY_UIApplicationSceneManifest_Generation = YES;
				INFOPLIST_KEY_UIApplicationSupportsIndirectInputEvents = YES;
				INFOPLIST_KEY_UILaunchScreen_Generation = YES;
				INFOPLIST_KEY_UISupportedInterfaceOrientations_iPad = "UIInterfaceOrientationPortrait UIInterfaceOrientationPortraitUpsideDown UIInterfaceOrientationLandscapeLeft UIInterfaceOrientationLandscapeRight";
				INFOPLIST_KEY_UISupportedInterfaceOrientations_iPhone = "UIInterfaceOrientationPortrait UIInterfaceOrientationLandscapeLeft UIInterfaceOrientationLandscapeRight";
				IPHONEOS_DEPLOYMENT_TARGET = 17.6;
				LD_RUNPATH_SEARCH_PATHS = (
					"$(inherited)",
					"@executable_path/Frameworks",
				);
				MARKETING_VERSION = 1.0;
				PRODUCT_BUNDLE_IDENTIFIER = "com.test.manga-reader-swiftui";
				PRODUCT_NAME = "$(TARGET_NAME)";
				SWIFT_EMIT_LOC_STRINGS = YES;
				SWIFT_VERSION = 5.0;
				TARGETED_DEVICE_FAMILY = "1,2";
			};
			name = Debug;
		};
		F8430D822DA30E5D000981AD /* Release */ = {
			isa = XCBuildConfiguration;
			buildSettings = {
				ASSETCATALOG_COMPILER_APPICON_NAME = AppIcon;
				ASSETCATALOG_COMPILER_GLOBAL_ACCENT_COLOR_NAME = AccentColor;
				CODE_SIGN_STYLE = Automatic;
				CURRENT_PROJECT_VERSION = 1;
				DEVELOPMENT_ASSET_PATHS = "\"manga-reader-swiftui/Preview Content\"";
				ENABLE_PREVIEWS = YES;
				GENERATE_INFOPLIST_FILE = YES;
				INFOPLIST_KEY_UIApplicationSceneManifest_Generation = YES;
				INFOPLIST_KEY_UIApplicationSupportsIndirectInputEvents = YES;
				INFOPLIST_KEY_UILaunchScreen_Generation = YES;
				INFOPLIST_KEY_UISupportedInterfaceOrientations_iPad = "UIInterfaceOrientationPortrait UIInterfaceOrientationPortraitUpsideDown UIInterfaceOrientationLandscapeLeft UIInterfaceOrientationLandscapeRight";
				INFOPLIST_KEY_UISupportedInterfaceOrientations_iPhone = "UIInterfaceOrientationPortrait UIInterfaceOrientationLandscapeLeft UIInterfaceOrientationLandscapeRight";
				IPHONEOS_DEPLOYMENT_TARGET = 17.6;
				LD_RUNPATH_SEARCH_PATHS = (
					"$(inherited)",
					"@executable_path/Frameworks",
				);
				MARKETING_VERSION = 1.0;
				PRODUCT_BUNDLE_IDENTIFIER = "com.test.manga-reader-swiftui";
				PRODUCT_NAME = "$(TARGET_NAME)";
				SWIFT_EMIT_LOC_STRINGS = YES;
				SWIFT_VERSION = 5.0;
				TARGETED_DEVICE_FAMILY = "1,2";
			};
			name = Release;
		};
		F8430D842DA30E5D000981AD /* Debug */ = {
			isa = XCBuildConfiguration;
			buildSettings = {
				BUNDLE_LOADER = "$(TEST_HOST)";
				CODE_SIGN_STYLE = Automatic;
				CURRENT_PROJECT_VERSION = 1;
				GENERATE_INFOPLIST_FILE = YES;
				IPHONEOS_DEPLOYMENT_TARGET = 18.2;
				MARKETING_VERSION = 1.0;
				PRODUCT_BUNDLE_IDENTIFIER = "com.test.manga-reader-swiftuiTests";
				PRODUCT_NAME = "$(TARGET_NAME)";
				SWIFT_EMIT_LOC_STRINGS = NO;
				SWIFT_VERSION = 5.0;
				TARGETED_DEVICE_FAMILY = "1,2";
				TEST_HOST = "$(BUILT_PRODUCTS_DIR)/manga-reader-swiftui.app/$(BUNDLE_EXECUTABLE_FOLDER_PATH)/manga-reader-swiftui";
			};
			name = Debug;
		};
		F8430D852DA30E5D000981AD /* Release */ = {
			isa = XCBuildConfiguration;
			buildSettings = {
				BUNDLE_LOADER = "$(TEST_HOST)";
				CODE_SIGN_STYLE = Automatic;
				CURRENT_PROJECT_VERSION = 1;
				GENERATE_INFOPLIST_FILE = YES;
				IPHONEOS_DEPLOYMENT_TARGET = 18.2;
				MARKETING_VERSION = 1.0;
				PRODUCT_BUNDLE_IDENTIFIER = "com.test.manga-reader-swiftuiTests";
				PRODUCT_NAME = "$(TARGET_NAME)";
				SWIFT_EMIT_LOC_STRINGS = NO;
				SWIFT_VERSION = 5.0;
				TARGETED_DEVICE_FAMILY = "1,2";
				TEST_HOST = "$(BUILT_PRODUCTS_DIR)/manga-reader-swiftui.app/$(BUNDLE_EXECUTABLE_FOLDER_PATH)/manga-reader-swiftui";
			};
			name = Release;
		};
		F8430D872DA30E5D000981AD /* Debug */ = {
			isa = XCBuildConfiguration;
			buildSettings = {
				CODE_SIGN_STYLE = Automatic;
				CURRENT_PROJECT_VERSION = 1;
				GENERATE_INFOPLIST_FILE = YES;
				MARKETING_VERSION = 1.0;
				PRODUCT_BUNDLE_IDENTIFIER = "com.test.manga-reader-swiftuiUITests";
				PRODUCT_NAME = "$(TARGET_NAME)";
				SWIFT_EMIT_LOC_STRINGS = NO;
				SWIFT_VERSION = 5.0;
				TARGETED_DEVICE_FAMILY = "1,2";
				TEST_TARGET_NAME = "manga-reader-swiftui";
			};
			name = Debug;
		};
		F8430D882DA30E5D000981AD /* Release */ = {
			isa = XCBuildConfiguration;
			buildSettings = {
				CODE_SIGN_STYLE = Automatic;
				CURRENT_PROJECT_VERSION = 1;
				GENERATE_INFOPLIST_FILE = YES;
				MARKETING_VERSION = 1.0;
				PRODUCT_BUNDLE_IDENTIFIER = "com.test.manga-reader-swiftuiUITests";
				PRODUCT_NAME = "$(TARGET_NAME)";
				SWIFT_EMIT_LOC_STRINGS = NO;
				SWIFT_VERSION = 5.0;
				TARGETED_DEVICE_FAMILY = "1,2";
				TEST_TARGET_NAME = "manga-reader-swiftui";
			};
			name = Release;
		};
/* End XCBuildConfiguration section */

/* Begin XCConfigurationList section */
		F8430D572DA30E5C000981AD /* Build configuration list for PBXProject "manga-reader-swiftui" */ = {
			isa = XCConfigurationList;
			buildConfigurations = (
				F8430D7E2DA30E5D000981AD /* Debug */,
				F8430D7F2DA30E5D000981AD /* Release */,
			);
			defaultConfigurationIsVisible = 0;
			defaultConfigurationName = Release;
		};
		F8430D802DA30E5D000981AD /* Build configuration list for PBXNativeTarget "manga-reader-swiftui" */ = {
			isa = XCConfigurationList;
			buildConfigurations = (
				F8430D812DA30E5D000981AD /* Debug */,
				F8430D822DA30E5D000981AD /* Release */,
			);
			defaultConfigurationIsVisible = 0;
			defaultConfigurationName = Release;
		};
		F8430D832DA30E5D000981AD /* Build configuration list for PBXNativeTarget "manga-reader-swiftuiTests" */ = {
			isa = XCConfigurationList;
			buildConfigurations = (
				F8430D842DA30E5D000981AD /* Debug */,
				F8430D852DA30E5D000981AD /* Release */,
			);
			defaultConfigurationIsVisible = 0;
			defaultConfigurationName = Release;
		};
		F8430D862DA30E5D000981AD /* Build configuration list for PBXNativeTarget "manga-reader-swiftuiUITests" */ = {
			isa = XCConfigurationList;
			buildConfigurations = (
				F8430D872DA30E5D000981AD /* Debug */,
				F8430D882DA30E5D000981AD /* Release */,
			);
			defaultConfigurationIsVisible = 0;
			defaultConfigurationName = Release;
		};
/* End XCConfigurationList section */
	};
	rootObject = F8430D542DA30E5C000981AD /* Project object */;
}
